
Microsoft Visual Studio Solution File, Format Version 12.00
<<<<<<< HEAD
# Visual Studio Version 17
VisualStudioVersion = 17.14.36623.8 d17.14
=======
# Visual Studio Version 18
VisualStudioVersion = 18.3.11520.95 d18.3
>>>>>>> origin/Dev
MinimumVisualStudioVersion = 10.0.40219.1
Project("{FAE04EC0-301F-11D3-BF4B-00C04F79EFBC}") = "SGHR.Data", "SGHR\SGHR.Data.csproj", "{50A166B8-C799-429B-9173-C4D20D34DBEF}"
EndProject
Project("{FAE04EC0-301F-11D3-BF4B-00C04F79EFBC}") = "SGHR.Web", "SGHRWeb\SGHR.Web.csproj", "{DBA201A2-C572-48ED-82B7-173F1F93DC07}"
EndProject
Project("{FAE04EC0-301F-11D3-BF4B-00C04F79EFBC}") = "SGHR.Test", "SGHR.Test\SGHR.Test.csproj", "{3CFC9BC0-02F8-4926-B170-388CFD5100EB}"
EndProject
Global
	GlobalSection(SolutionConfigurationPlatforms) = preSolution
		Debug|Any CPU = Debug|Any CPU
		Release|Any CPU = Release|Any CPU
	EndGlobalSection
	GlobalSection(ProjectConfigurationPlatforms) = postSolution
		{50A166B8-C799-429B-9173-C4D20D34DBEF}.Debug|Any CPU.ActiveCfg = Debug|Any CPU
		{50A166B8-C799-429B-9173-C4D20D34DBEF}.Debug|Any CPU.Build.0 = Debug|Any CPU
		{50A166B8-C799-429B-9173-C4D20D34DBEF}.Release|Any CPU.ActiveCfg = Release|Any CPU
		{50A166B8-C799-429B-9173-C4D20D34DBEF}.Release|Any CPU.Build.0 = Release|Any CPU
		{DBA201A2-C572-48ED-82B7-173F1F93DC07}.Debug|Any CPU.ActiveCfg = Debug|Any CPU
		{DBA201A2-C572-48ED-82B7-173F1F93DC07}.Debug|Any CPU.Build.0 = Debug|Any CPU
		{DBA201A2-C572-48ED-82B7-173F1F93DC07}.Release|Any CPU.ActiveCfg = Release|Any CPU
		{DBA201A2-C572-48ED-82B7-173F1F93DC07}.Release|Any CPU.Build.0 = Release|Any CPU
		{3CFC9BC0-02F8-4926-B170-388CFD5100EB}.Debug|Any CPU.ActiveCfg = Debug|Any CPU
		{3CFC9BC0-02F8-4926-B170-388CFD5100EB}.Debug|Any CPU.Build.0 = Debug|Any CPU
		{3CFC9BC0-02F8-4926-B170-388CFD5100EB}.Release|Any CPU.ActiveCfg = Release|Any CPU
		{3CFC9BC0-02F8-4926-B170-388CFD5100EB}.Release|Any CPU.Build.0 = Release|Any CPU
	EndGlobalSection
	GlobalSection(SolutionProperties) = preSolution
		HideSolutionNode = FALSE
	EndGlobalSection
	GlobalSection(ExtensibilityGlobals) = postSolution
		SolutionGuid = {409890A7-6EA0-4EA1-9227-C320956E8439}
	EndGlobalSection
EndGlobal
